
Microsoft Visual Studio Solution File, Format Version 12.00
# Visual Studio Version 17
VisualStudioVersion = 17.7.34031.279
MinimumVisualStudioVersion = 10.0.40219.1
Project("{FAE04EC0-301F-11D3-BF4B-00C04F79EFBC}") = "01.ActionPrint", "01.ActionPrint\01.ActionPrint.csproj", "{EA24BECE-5BBF-4CC2-A7E5-F70ECF99E414}"
EndProject
Global
	GlobalSection(SolutionConfigurationPlatforms) = preSolution
		Debug|Any CPU = Debug|Any CPU
		Release|Any CPU = Release|Any CPU
	EndGlobalSection
	GlobalSection(ProjectConfigurationPlatforms) = postSolution
		{EA24BECE-5BBF-4CC2-A7E5-F70ECF99E414}.Debug|Any CPU.ActiveCfg = Debug|Any CPU
		{EA24BECE-5BBF-4CC2-A7E5-F70ECF99E414}.Debug|Any CPU.Build.0 = Debug|Any CPU
		{EA24BECE-5BBF-4CC2-A7E5-F70ECF99E414}.Release|Any CPU.ActiveCfg = Release|Any CPU
		{EA24BECE-5BBF-4CC2-A7E5-F70ECF99E414}.Release|Any CPU.Build.0 = Release|Any CPU
	EndGlobalSection
	GlobalSection(SolutionProperties) = preSolution
		HideSolutionNode = FALSE
	EndGlobalSection
	GlobalSection(ExtensibilityGlobals) = postSolution
		SolutionGuid = {2F150751-CCFB-4A43-861D-021B98714B63}
	EndGlobalSection
EndGlobal
