
Microsoft Visual Studio Solution File, Format Version 12.00
# Visual Studio Version 17
VisualStudioVersion = 17.6.33723.286
MinimumVisualStudioVersion = 10.0.40219.1
Project("{9A19103F-16F7-4668-BE54-9A1E7A4F7556}") = "01.PersonInfo", "PersonInfo\01.PersonInfo.csproj", "{1FA6ED8D-BCF9-4383-BC2E-51D218F73168}"
EndProject
Project("{9A19103F-16F7-4668-BE54-9A1E7A4F7556}") = "03.Telephony", "3.Telephony\03.Telephony.csproj", "{AB6BA722-2161-4AA8-BC1E-938959793385}"
EndProject
Project("{9A19103F-16F7-4668-BE54-9A1E7A4F7556}") = "04.BorderControl", "04.BorderControl\04.BorderControl.csproj", "{65C45DB0-9B54-4CEA-A397-E557C2012CF3}"
EndProject
Project("{9A19103F-16F7-4668-BE54-9A1E7A4F7556}") = "05.BirthdayCelebrations", "05.BirthdayCelebrations\05.BirthdayCelebrations.csproj", "{D882E9C6-0920-4C84-8193-56B9DD27D663}"
EndProject
Project("{9A19103F-16F7-4668-BE54-9A1E7A4F7556}") = "06.FoodShortage", "06.FoodShortage\06.FoodShortage.csproj", "{6EF30C25-FB86-4D4E-A25C-2E9E57DA13FD}"
EndProject
Project("{9A19103F-16F7-4668-BE54-9A1E7A4F7556}") = "07.MilitaryElite", "07.MilitaryElite\07.MilitaryElite.csproj", "{2724EC6E-1BA7-42D3-88B9-9BB621CD0C1F}"
EndProject
Global
	GlobalSection(SolutionConfigurationPlatforms) = preSolution
		Debug|Any CPU = Debug|Any CPU
		Release|Any CPU = Release|Any CPU
	EndGlobalSection
	GlobalSection(ProjectConfigurationPlatforms) = postSolution
		{1FA6ED8D-BCF9-4383-BC2E-51D218F73168}.Debug|Any CPU.ActiveCfg = Debug|Any CPU
		{1FA6ED8D-BCF9-4383-BC2E-51D218F73168}.Debug|Any CPU.Build.0 = Debug|Any CPU
		{1FA6ED8D-BCF9-4383-BC2E-51D218F73168}.Release|Any CPU.ActiveCfg = Release|Any CPU
		{1FA6ED8D-BCF9-4383-BC2E-51D218F73168}.Release|Any CPU.Build.0 = Release|Any CPU
		{AB6BA722-2161-4AA8-BC1E-938959793385}.Debug|Any CPU.ActiveCfg = Debug|Any CPU
		{AB6BA722-2161-4AA8-BC1E-938959793385}.Debug|Any CPU.Build.0 = Debug|Any CPU
		{AB6BA722-2161-4AA8-BC1E-938959793385}.Release|Any CPU.ActiveCfg = Release|Any CPU
		{AB6BA722-2161-4AA8-BC1E-938959793385}.Release|Any CPU.Build.0 = Release|Any CPU
		{65C45DB0-9B54-4CEA-A397-E557C2012CF3}.Debug|Any CPU.ActiveCfg = Debug|Any CPU
		{65C45DB0-9B54-4CEA-A397-E557C2012CF3}.Debug|Any CPU.Build.0 = Debug|Any CPU
		{65C45DB0-9B54-4CEA-A397-E557C2012CF3}.Release|Any CPU.ActiveCfg = Release|Any CPU
		{65C45DB0-9B54-4CEA-A397-E557C2012CF3}.Release|Any CPU.Build.0 = Release|Any CPU
		{D882E9C6-0920-4C84-8193-56B9DD27D663}.Debug|Any CPU.ActiveCfg = Debug|Any CPU
		{D882E9C6-0920-4C84-8193-56B9DD27D663}.Debug|Any CPU.Build.0 = Debug|Any CPU
		{D882E9C6-0920-4C84-8193-56B9DD27D663}.Release|Any CPU.ActiveCfg = Release|Any CPU
		{D882E9C6-0920-4C84-8193-56B9DD27D663}.Release|Any CPU.Build.0 = Release|Any CPU
		{6EF30C25-FB86-4D4E-A25C-2E9E57DA13FD}.Debug|Any CPU.ActiveCfg = Debug|Any CPU
		{6EF30C25-FB86-4D4E-A25C-2E9E57DA13FD}.Debug|Any CPU.Build.0 = Debug|Any CPU
		{6EF30C25-FB86-4D4E-A25C-2E9E57DA13FD}.Release|Any CPU.ActiveCfg = Release|Any CPU
		{6EF30C25-FB86-4D4E-A25C-2E9E57DA13FD}.Release|Any CPU.Build.0 = Release|Any CPU
		{2724EC6E-1BA7-42D3-88B9-9BB621CD0C1F}.Debug|Any CPU.ActiveCfg = Debug|Any CPU
		{2724EC6E-1BA7-42D3-88B9-9BB621CD0C1F}.Debug|Any CPU.Build.0 = Debug|Any CPU
		{2724EC6E-1BA7-42D3-88B9-9BB621CD0C1F}.Release|Any CPU.ActiveCfg = Release|Any CPU
		{2724EC6E-1BA7-42D3-88B9-9BB621CD0C1F}.Release|Any CPU.Build.0 = Release|Any CPU
	EndGlobalSection
	GlobalSection(SolutionProperties) = preSolution
		HideSolutionNode = FALSE
	EndGlobalSection
	GlobalSection(ExtensibilityGlobals) = postSolution
		SolutionGuid = {4A8FBB5B-F66A-4996-B3DE-2BD03BB689C0}
	EndGlobalSection
EndGlobal
