
Microsoft Visual Studio Solution File, Format Version 12.00
# Visual Studio Version 17
VisualStudioVersion = 17.6.33723.286
MinimumVisualStudioVersion = 10.0.40219.1
Project("{FAE04EC0-301F-11D3-BF4B-00C04F79EFBC}") = "PersonsInfo", "PersonsInfo\PersonsInfo.csproj", "{D7506623-5CEE-4B97-BAE1-303C3DD4A3B3}"
EndProject
Global
	GlobalSection(SolutionConfigurationPlatforms) = preSolution
		Debug|Any CPU = Debug|Any CPU
		Release|Any CPU = Release|Any CPU
	EndGlobalSection
	GlobalSection(ProjectConfigurationPlatforms) = postSolution
		{D7506623-5CEE-4B97-BAE1-303C3DD4A3B3}.Debug|Any CPU.ActiveCfg = Debug|Any CPU
		{D7506623-5CEE-4B97-BAE1-303C3DD4A3B3}.Debug|Any CPU.Build.0 = Debug|Any CPU
		{D7506623-5CEE-4B97-BAE1-303C3DD4A3B3}.Release|Any CPU.ActiveCfg = Release|Any CPU
		{D7506623-5CEE-4B97-BAE1-303C3DD4A3B3}.Release|Any CPU.Build.0 = Release|Any CPU
	EndGlobalSection
	GlobalSection(SolutionProperties) = preSolution
		HideSolutionNode = FALSE
	EndGlobalSection
	GlobalSection(ExtensibilityGlobals) = postSolution
		SolutionGuid = {B8B98272-F935-42E8-862F-A9DC9A5D3C8C}
	EndGlobalSection
EndGlobal
