
Microsoft Visual Studio Solution File, Format Version 12.00
# Visual Studio Version 17
VisualStudioVersion = 17.5.33414.496
MinimumVisualStudioVersion = 10.0.40219.1
Project("{9A19103F-16F7-4668-BE54-9A1E7A4F7556}") = "01. Company Roster", "01. Company Roster\01. Company Roster.csproj", "{A37DB483-5E20-4D29-AC6D-B00952969418}"
EndProject
Project("{9A19103F-16F7-4668-BE54-9A1E7A4F7556}") = "02. Oldest Family Member", "02. Oldest Family Member\02. Oldest Family Member.csproj", "{FD09A9AB-F83A-4E03-B8F6-B4E9B864F9F0}"
EndProject
Project("{9A19103F-16F7-4668-BE54-9A1E7A4F7556}") = "Demo", "Demo\Demo.csproj", "{AA040125-A43F-4ADB-A069-50BE9F84502A}"
EndProject
Project("{9A19103F-16F7-4668-BE54-9A1E7A4F7556}") = "03. Speed Racing", "03. Speed Racing\03. Speed Racing.csproj", "{68828A08-DA9C-4115-9AAF-0BE88D1F59BE}"
EndProject
Project("{FAE04EC0-301F-11D3-BF4B-00C04F79EFBC}") = "04. Raw Data", "04. Raw Data\04. Raw Data.csproj", "{671EF7BD-A993-471A-AAC5-402F32BD5233}"
EndProject
Project("{FAE04EC0-301F-11D3-BF4B-00C04F79EFBC}") = "05. Shopping Spree", "05. Shopping Spree\05. Shopping Spree.csproj", "{6E31BEEA-56BC-45F9-A61E-5721A6DACEEB}"
EndProject
Global
	GlobalSection(SolutionConfigurationPlatforms) = preSolution
		Debug|Any CPU = Debug|Any CPU
		Release|Any CPU = Release|Any CPU
	EndGlobalSection
	GlobalSection(ProjectConfigurationPlatforms) = postSolution
		{A37DB483-5E20-4D29-AC6D-B00952969418}.Debug|Any CPU.ActiveCfg = Debug|Any CPU
		{A37DB483-5E20-4D29-AC6D-B00952969418}.Debug|Any CPU.Build.0 = Debug|Any CPU
		{A37DB483-5E20-4D29-AC6D-B00952969418}.Release|Any CPU.ActiveCfg = Release|Any CPU
		{A37DB483-5E20-4D29-AC6D-B00952969418}.Release|Any CPU.Build.0 = Release|Any CPU
		{FD09A9AB-F83A-4E03-B8F6-B4E9B864F9F0}.Debug|Any CPU.ActiveCfg = Debug|Any CPU
		{FD09A9AB-F83A-4E03-B8F6-B4E9B864F9F0}.Debug|Any CPU.Build.0 = Debug|Any CPU
		{FD09A9AB-F83A-4E03-B8F6-B4E9B864F9F0}.Release|Any CPU.ActiveCfg = Release|Any CPU
		{FD09A9AB-F83A-4E03-B8F6-B4E9B864F9F0}.Release|Any CPU.Build.0 = Release|Any CPU
		{AA040125-A43F-4ADB-A069-50BE9F84502A}.Debug|Any CPU.ActiveCfg = Debug|Any CPU
		{AA040125-A43F-4ADB-A069-50BE9F84502A}.Debug|Any CPU.Build.0 = Debug|Any CPU
		{AA040125-A43F-4ADB-A069-50BE9F84502A}.Release|Any CPU.ActiveCfg = Release|Any CPU
		{AA040125-A43F-4ADB-A069-50BE9F84502A}.Release|Any CPU.Build.0 = Release|Any CPU
		{68828A08-DA9C-4115-9AAF-0BE88D1F59BE}.Debug|Any CPU.ActiveCfg = Debug|Any CPU
		{68828A08-DA9C-4115-9AAF-0BE88D1F59BE}.Debug|Any CPU.Build.0 = Debug|Any CPU
		{68828A08-DA9C-4115-9AAF-0BE88D1F59BE}.Release|Any CPU.ActiveCfg = Release|Any CPU
		{68828A08-DA9C-4115-9AAF-0BE88D1F59BE}.Release|Any CPU.Build.0 = Release|Any CPU
		{671EF7BD-A993-471A-AAC5-402F32BD5233}.Debug|Any CPU.ActiveCfg = Debug|Any CPU
		{671EF7BD-A993-471A-AAC5-402F32BD5233}.Debug|Any CPU.Build.0 = Debug|Any CPU
		{671EF7BD-A993-471A-AAC5-402F32BD5233}.Release|Any CPU.ActiveCfg = Release|Any CPU
		{671EF7BD-A993-471A-AAC5-402F32BD5233}.Release|Any CPU.Build.0 = Release|Any CPU
		{6E31BEEA-56BC-45F9-A61E-5721A6DACEEB}.Debug|Any CPU.ActiveCfg = Debug|Any CPU
		{6E31BEEA-56BC-45F9-A61E-5721A6DACEEB}.Debug|Any CPU.Build.0 = Debug|Any CPU
		{6E31BEEA-56BC-45F9-A61E-5721A6DACEEB}.Release|Any CPU.ActiveCfg = Release|Any CPU
		{6E31BEEA-56BC-45F9-A61E-5721A6DACEEB}.Release|Any CPU.Build.0 = Release|Any CPU
	EndGlobalSection
	GlobalSection(SolutionProperties) = preSolution
		HideSolutionNode = FALSE
	EndGlobalSection
	GlobalSection(ExtensibilityGlobals) = postSolution
		SolutionGuid = {FB6BBAB1-91A5-4D74-9B1B-CB5DF2AB9BD1}
	EndGlobalSection
EndGlobal
