
Microsoft Visual Studio Solution File, Format Version 12.00
# Visual Studio Version 17
VisualStudioVersion = 17.6.33723.286
MinimumVisualStudioVersion = 10.0.40219.1
Project("{FAE04EC0-301F-11D3-BF4B-00C04F79EFBC}") = "01.Shapes", "01.Shapes\01.Shapes.csproj", "{0047C3B1-B3CE-452F-8DE5-819EC9F91E10}"
EndProject
Project("{FAE04EC0-301F-11D3-BF4B-00C04F79EFBC}") = "Cars", "Cars\Cars.csproj", "{EABC566A-105C-4DF0-9CF6-C169D4BE366C}"
EndProject
Global
	GlobalSection(SolutionConfigurationPlatforms) = preSolution
		Debug|Any CPU = Debug|Any CPU
		Release|Any CPU = Release|Any CPU
	EndGlobalSection
	GlobalSection(ProjectConfigurationPlatforms) = postSolution
		{0047C3B1-B3CE-452F-8DE5-819EC9F91E10}.Debug|Any CPU.ActiveCfg = Debug|Any CPU
		{0047C3B1-B3CE-452F-8DE5-819EC9F91E10}.Debug|Any CPU.Build.0 = Debug|Any CPU
		{0047C3B1-B3CE-452F-8DE5-819EC9F91E10}.Release|Any CPU.ActiveCfg = Release|Any CPU
		{0047C3B1-B3CE-452F-8DE5-819EC9F91E10}.Release|Any CPU.Build.0 = Release|Any CPU
		{EABC566A-105C-4DF0-9CF6-C169D4BE366C}.Debug|Any CPU.ActiveCfg = Debug|Any CPU
		{EABC566A-105C-4DF0-9CF6-C169D4BE366C}.Debug|Any CPU.Build.0 = Debug|Any CPU
		{EABC566A-105C-4DF0-9CF6-C169D4BE366C}.Release|Any CPU.ActiveCfg = Release|Any CPU
		{EABC566A-105C-4DF0-9CF6-C169D4BE366C}.Release|Any CPU.Build.0 = Release|Any CPU
	EndGlobalSection
	GlobalSection(SolutionProperties) = preSolution
		HideSolutionNode = FALSE
	EndGlobalSection
	GlobalSection(ExtensibilityGlobals) = postSolution
		SolutionGuid = {C4D3A803-35C6-405D-B335-23489CB3A823}
	EndGlobalSection
EndGlobal
