
Microsoft Visual Studio Solution File, Format Version 12.00
# Visual Studio Version 17
VisualStudioVersion = 17.12.35707.178
MinimumVisualStudioVersion = 10.0.40219.1
Project("{FAE04EC0-301F-11D3-BF4B-00C04F79EFBC}") = "EFDBFirst", "EFDBFirst\EFDBFirst.csproj", "{DC3C914B-FE7E-45F9-A280-CD3BA5E83490}"
EndProject
Project("{FAE04EC0-301F-11D3-BF4B-00C04F79EFBC}") = "EFCodeFirst", "EFCodeFirst\EFCodeFirst.csproj", "{9E299E16-821D-47CC-9B0C-2E8284B081F9}"
EndProject
Project("{FAE04EC0-301F-11D3-BF4B-00C04F79EFBC}") = "Demo-LINQ-Queries", "Demo-LINQ-Queries\Demo-LINQ-Queries.csproj", "{37919C6D-2133-4B47-8DE7-B2C9FFFD06AA}"
	ProjectSection(ProjectDependencies) = postProject
		{DC3C914B-FE7E-45F9-A280-CD3BA5E83490} = {DC3C914B-FE7E-45F9-A280-CD3BA5E83490}
	EndProjectSection
EndProject
Project("{FAE04EC0-301F-11D3-BF4B-00C04F79EFBC}") = "Demo-Migrations", "Demo-Migrations\Demo-Migrations.csproj", "{9AD60FAA-9BB6-4FB3-97C2-DF67600F6D53}"
EndProject
Global
	GlobalSection(SolutionConfigurationPlatforms) = preSolution
		Debug|Any CPU = Debug|Any CPU
		Release|Any CPU = Release|Any CPU
	EndGlobalSection
	GlobalSection(ProjectConfigurationPlatforms) = postSolution
		{DC3C914B-FE7E-45F9-A280-CD3BA5E83490}.Debug|Any CPU.ActiveCfg = Debug|Any CPU
		{DC3C914B-FE7E-45F9-A280-CD3BA5E83490}.Debug|Any CPU.Build.0 = Debug|Any CPU
		{DC3C914B-FE7E-45F9-A280-CD3BA5E83490}.Release|Any CPU.ActiveCfg = Release|Any CPU
		{DC3C914B-FE7E-45F9-A280-CD3BA5E83490}.Release|Any CPU.Build.0 = Release|Any CPU
		{9E299E16-821D-47CC-9B0C-2E8284B081F9}.Debug|Any CPU.ActiveCfg = Debug|Any CPU
		{9E299E16-821D-47CC-9B0C-2E8284B081F9}.Debug|Any CPU.Build.0 = Debug|Any CPU
		{9E299E16-821D-47CC-9B0C-2E8284B081F9}.Release|Any CPU.ActiveCfg = Release|Any CPU
		{9E299E16-821D-47CC-9B0C-2E8284B081F9}.Release|Any CPU.Build.0 = Release|Any CPU
		{37919C6D-2133-4B47-8DE7-B2C9FFFD06AA}.Debug|Any CPU.ActiveCfg = Debug|Any CPU
		{37919C6D-2133-4B47-8DE7-B2C9FFFD06AA}.Debug|Any CPU.Build.0 = Debug|Any CPU
		{37919C6D-2133-4B47-8DE7-B2C9FFFD06AA}.Release|Any CPU.ActiveCfg = Release|Any CPU
		{37919C6D-2133-4B47-8DE7-B2C9FFFD06AA}.Release|Any CPU.Build.0 = Release|Any CPU
		{9AD60FAA-9BB6-4FB3-97C2-DF67600F6D53}.Debug|Any CPU.ActiveCfg = Debug|Any CPU
		{9AD60FAA-9BB6-4FB3-97C2-DF67600F6D53}.Debug|Any CPU.Build.0 = Debug|Any CPU
		{9AD60FAA-9BB6-4FB3-97C2-DF67600F6D53}.Release|Any CPU.ActiveCfg = Release|Any CPU
		{9AD60FAA-9BB6-4FB3-97C2-DF67600F6D53}.Release|Any CPU.Build.0 = Release|Any CPU
	EndGlobalSection
	GlobalSection(SolutionProperties) = preSolution
		HideSolutionNode = FALSE
	EndGlobalSection
EndGlobal
