
Microsoft Visual Studio Solution File, Format Version 12.00
# Visual Studio Version 17
VisualStudioVersion = 17.2.32630.192
MinimumVisualStudioVersion = 10.0.40219.1
Project("{9A19103F-16F7-4668-BE54-9A1E7A4F7556}") = "01. Day of Week", "01. Day of Week\01. Day of Week.csproj", "{58D350F7-C9EF-4C22-9F03-8C5C098BEA1A}"
EndProject
Project("{9A19103F-16F7-4668-BE54-9A1E7A4F7556}") = "02. Print Numbers in Reverse Order", "02. Print Numbers in Reverse Order\02. Print Numbers in Reverse Order.csproj", "{CC969FCE-AB1D-4FB6-8FAE-E8DBBAC6AB81}"
EndProject
Project("{9A19103F-16F7-4668-BE54-9A1E7A4F7556}") = "03. Rounding Numbers", "03. Rounding Numbers\03. Rounding Numbers.csproj", "{92E525C8-761C-4ABF-8F04-269EDB003B6F}"
EndProject
Project("{9A19103F-16F7-4668-BE54-9A1E7A4F7556}") = "04. Reverse Array of Strings", "04. Reverse Array of Strings\04. Reverse Array of Strings.csproj", "{D7F46456-58AA-4A36-9136-5811BF94671E}"
EndProject
Project("{9A19103F-16F7-4668-BE54-9A1E7A4F7556}") = "05. Sum Even Numbers", "05. Sum Even Numbers\05. Sum Even Numbers.csproj", "{629BE83A-7B1F-4D96-B5FB-A2E9BA332BAB}"
EndProject
Project("{9A19103F-16F7-4668-BE54-9A1E7A4F7556}") = "06. Even and Odd Subtraction", "06. Even and Odd Subtraction\06. Even and Odd Subtraction.csproj", "{90A456BF-BC00-475B-9BF2-F71623BF1B9C}"
EndProject
Project("{9A19103F-16F7-4668-BE54-9A1E7A4F7556}") = "07. Equal Arrays", "07. Equal Arrays\07. Equal Arrays.csproj", "{86C124A8-6F4E-4E0B-99C2-183379A867CB}"
EndProject
Project("{9A19103F-16F7-4668-BE54-9A1E7A4F7556}") = "08. Condense Array to Number", "08. Condense Array to Number\08. Condense Array to Number.csproj", "{D49F7117-8172-4A13-855D-ACE1CF250A08}"
EndProject
Project("{9A19103F-16F7-4668-BE54-9A1E7A4F7556}") = "04. Reverse Array of Strings 2", "04. Reverse Array of Strings 2\04. Reverse Array of Strings 2.csproj", "{91642FD4-EF85-40B7-9B6C-68A439F53C3F}"
EndProject
Global
	GlobalSection(SolutionConfigurationPlatforms) = preSolution
		Debug|Any CPU = Debug|Any CPU
		Release|Any CPU = Release|Any CPU
	EndGlobalSection
	GlobalSection(ProjectConfigurationPlatforms) = postSolution
		{58D350F7-C9EF-4C22-9F03-8C5C098BEA1A}.Debug|Any CPU.ActiveCfg = Debug|Any CPU
		{58D350F7-C9EF-4C22-9F03-8C5C098BEA1A}.Debug|Any CPU.Build.0 = Debug|Any CPU
		{58D350F7-C9EF-4C22-9F03-8C5C098BEA1A}.Release|Any CPU.ActiveCfg = Release|Any CPU
		{58D350F7-C9EF-4C22-9F03-8C5C098BEA1A}.Release|Any CPU.Build.0 = Release|Any CPU
		{CC969FCE-AB1D-4FB6-8FAE-E8DBBAC6AB81}.Debug|Any CPU.ActiveCfg = Debug|Any CPU
		{CC969FCE-AB1D-4FB6-8FAE-E8DBBAC6AB81}.Debug|Any CPU.Build.0 = Debug|Any CPU
		{CC969FCE-AB1D-4FB6-8FAE-E8DBBAC6AB81}.Release|Any CPU.ActiveCfg = Release|Any CPU
		{CC969FCE-AB1D-4FB6-8FAE-E8DBBAC6AB81}.Release|Any CPU.Build.0 = Release|Any CPU
		{92E525C8-761C-4ABF-8F04-269EDB003B6F}.Debug|Any CPU.ActiveCfg = Debug|Any CPU
		{92E525C8-761C-4ABF-8F04-269EDB003B6F}.Debug|Any CPU.Build.0 = Debug|Any CPU
		{92E525C8-761C-4ABF-8F04-269EDB003B6F}.Release|Any CPU.ActiveCfg = Release|Any CPU
		{92E525C8-761C-4ABF-8F04-269EDB003B6F}.Release|Any CPU.Build.0 = Release|Any CPU
		{D7F46456-58AA-4A36-9136-5811BF94671E}.Debug|Any CPU.ActiveCfg = Debug|Any CPU
		{D7F46456-58AA-4A36-9136-5811BF94671E}.Debug|Any CPU.Build.0 = Debug|Any CPU
		{D7F46456-58AA-4A36-9136-5811BF94671E}.Release|Any CPU.ActiveCfg = Release|Any CPU
		{D7F46456-58AA-4A36-9136-5811BF94671E}.Release|Any CPU.Build.0 = Release|Any CPU
		{629BE83A-7B1F-4D96-B5FB-A2E9BA332BAB}.Debug|Any CPU.ActiveCfg = Debug|Any CPU
		{629BE83A-7B1F-4D96-B5FB-A2E9BA332BAB}.Debug|Any CPU.Build.0 = Debug|Any CPU
		{629BE83A-7B1F-4D96-B5FB-A2E9BA332BAB}.Release|Any CPU.ActiveCfg = Release|Any CPU
		{629BE83A-7B1F-4D96-B5FB-A2E9BA332BAB}.Release|Any CPU.Build.0 = Release|Any CPU
		{90A456BF-BC00-475B-9BF2-F71623BF1B9C}.Debug|Any CPU.ActiveCfg = Debug|Any CPU
		{90A456BF-BC00-475B-9BF2-F71623BF1B9C}.Debug|Any CPU.Build.0 = Debug|Any CPU
		{90A456BF-BC00-475B-9BF2-F71623BF1B9C}.Release|Any CPU.ActiveCfg = Release|Any CPU
		{90A456BF-BC00-475B-9BF2-F71623BF1B9C}.Release|Any CPU.Build.0 = Release|Any CPU
		{86C124A8-6F4E-4E0B-99C2-183379A867CB}.Debug|Any CPU.ActiveCfg = Debug|Any CPU
		{86C124A8-6F4E-4E0B-99C2-183379A867CB}.Debug|Any CPU.Build.0 = Debug|Any CPU
		{86C124A8-6F4E-4E0B-99C2-183379A867CB}.Release|Any CPU.ActiveCfg = Release|Any CPU
		{86C124A8-6F4E-4E0B-99C2-183379A867CB}.Release|Any CPU.Build.0 = Release|Any CPU
		{D49F7117-8172-4A13-855D-ACE1CF250A08}.Debug|Any CPU.ActiveCfg = Debug|Any CPU
		{D49F7117-8172-4A13-855D-ACE1CF250A08}.Debug|Any CPU.Build.0 = Debug|Any CPU
		{D49F7117-8172-4A13-855D-ACE1CF250A08}.Release|Any CPU.ActiveCfg = Release|Any CPU
		{D49F7117-8172-4A13-855D-ACE1CF250A08}.Release|Any CPU.Build.0 = Release|Any CPU
		{91642FD4-EF85-40B7-9B6C-68A439F53C3F}.Debug|Any CPU.ActiveCfg = Debug|Any CPU
		{91642FD4-EF85-40B7-9B6C-68A439F53C3F}.Debug|Any CPU.Build.0 = Debug|Any CPU
		{91642FD4-EF85-40B7-9B6C-68A439F53C3F}.Release|Any CPU.ActiveCfg = Release|Any CPU
		{91642FD4-EF85-40B7-9B6C-68A439F53C3F}.Release|Any CPU.Build.0 = Release|Any CPU
	EndGlobalSection
	GlobalSection(SolutionProperties) = preSolution
		HideSolutionNode = FALSE
	EndGlobalSection
	GlobalSection(ExtensibilityGlobals) = postSolution
		SolutionGuid = {4EE608CE-1D21-430A-AF13-C322B9800F43}
	EndGlobalSection
EndGlobal
