{
  "version": 1,
  "dependencies": {
    "net6.0": {
      "Microsoft.EntityFrameworkCore": {
        "type": "Direct",
        "requested": "[6.0.36, )",
        "resolved": "6.0.36",
        "contentHash": "0i1BBvJBrqdmIdTqCmL+/J74HucYqc5eck3J5trKe6AN2fvdE1lICto6HBwNhbtPniZO7bhW36FnIjTK0FamXg==",
        "dependencies": {
          "Microsoft.EntityFrameworkCore.Abstractions": "6.0.36",
          "Microsoft.EntityFrameworkCore.Analyzers": "6.0.36",
          "Microsoft.Extensions.Caching.Memory": "6.0.3",
          "Microsoft.Extensions.DependencyInjection": "6.0.2",
          "Microsoft.Extensions.Logging": "6.0.1",
          "System.Collections.Immutable": "6.0.1",
          "System.Diagnostics.DiagnosticSource": "6.0.2"
        }
      },
      "Microsoft.EntityFrameworkCore.SqlServer": {
        "type": "Direct",
        "requested": "[6.0.36, )",
        "resolved": "6.0.36",
        "contentHash": "kSpJFqRu8KM6J/C+Q93n5wcqVKt3cu9jRy0P1HlWm6RSQfCoEAyonwOaMmOctN+d8ooziUanTAFV63iQyww0Ug==",
        "dependencies": {
          "Microsoft.Data.SqlClient": "2.1.7",
          "Microsoft.EntityFrameworkCore.Relational": "6.0.36",
          "Microsoft.IdentityModel.JsonWebTokens": "6.36.0",
          "Microsoft.IdentityModel.Protocols.OpenIdConnect": "6.36.0",
          "System.Drawing.Common": "4.7.3"
        }
      },
      "Microsoft.CSharp": {
        "type": "Transitive",
        "resolved": "4.5.0",
        "contentHash": "kaj6Wb4qoMuH3HySFJhxwQfe8R/sJsNJnANrvv8WdFPMoNbKY5htfNscv+LHCu5ipz+49m2e+WQXpLXr9XYemQ=="
      },
      "Microsoft.Data.SqlClient": {
        "type": "Transitive",
        "resolved": "2.1.7",
        "contentHash": "dSdlcXPszeOjjDX9a0buMFgYqKrI5bTxdSgX3JyCa+OL80NUstJSxOJr0j9oOn8mpP5PgWeRC2bVf/Zf2Cjv+g==",
        "dependencies": {
          "Microsoft.Data.SqlClient.SNI.runtime": "2.1.1",
          "Microsoft.Identity.Client": "4.21.1",
          "Microsoft.IdentityModel.JsonWebTokens": "6.8.0",
          "Microsoft.IdentityModel.Protocols.OpenIdConnect": "6.8.0",
          "Microsoft.Win32.Registry": "4.7.0",
          "System.Configuration.ConfigurationManager": "4.7.0",
          "System.Diagnostics.DiagnosticSource": "4.7.0",
          "System.Runtime.Caching": "4.7.0",
          "System.Security.Principal.Windows": "4.7.0",
          "System.Text.Encoding.CodePages": "4.7.0"
        }
      },
      "Microsoft.Data.SqlClient.SNI.runtime": {
        "type": "Transitive",
        "resolved": "2.1.1",
        "contentHash": "JwGDWkyZgm7SATJmFLfT2G4teimvNbNtq3lsS9a5DzvhEZnQrZjZhevCU0vdx8MjheLHoG5vocuO03QtioFQxQ=="
      },
      "Microsoft.EntityFrameworkCore.Abstractions": {
        "type": "Transitive",
        "resolved": "6.0.36",
        "contentHash": "nrR4lfe9izQK1eerKW/ECHuJV8xXtuvoj/APrwwOjX4+Ne2SMXBpetctPcYNVc3KyiKuUHJSLywWtsqoXE5ElA=="
      },
      "Microsoft.EntityFrameworkCore.Analyzers": {
        "type": "Transitive",
        "resolved": "6.0.36",
        "contentHash": "Se0wloBaAJcLwgSW4hvGdAWjKnuIwgQ2PKTNkvG80PW/WFgedwKomY9wuO5BPewIHlX6huGyP//StQQRQOWr+Q=="
      },
      "Microsoft.EntityFrameworkCore.Relational": {
        "type": "Transitive",
        "resolved": "6.0.36",
        "contentHash": "Vq9UQEFNU1t42AOSgz6bUe0fpMa1g4wO8Y7EfhYPX6VSriRSRB4ImTC2TEZjOUeyGcZyUI2Kyd6//RfUPUR+Pw==",
        "dependencies": {
          "Microsoft.EntityFrameworkCore": "6.0.36",
          "Microsoft.Extensions.Configuration.Abstractions": "6.0.1"
        }
      },
      "Microsoft.Extensions.Caching.Abstractions": {
        "type": "Transitive",
        "resolved": "6.0.1",
        "contentHash": "zEtKmOJ3sZ9YxRgvgLtoQsqO069Kqp0aC6Ai+DkyE5uahtu1ynvuoDVFQgyyhVcJWnxCzZHax/3AodvAx2mhjA==",
        "dependencies": {
          "Microsoft.Extensions.Primitives": "6.0.1"
        }
      },
      "Microsoft.Extensions.Caching.Memory": {
        "type": "Transitive",
        "resolved": "6.0.3",
        "contentHash": "GVNNcHoPDEUn4OQiBBGs5mE6nX7BA+LeQId9NeA+gB8xcbDUmFPAl8Er2ixNLbn4ffFr8t5jfMwdxgFG66k7BA==",
        "dependencies": {
          "Microsoft.Extensions.Caching.Abstractions": "6.0.1",
          "Microsoft.Extensions.DependencyInjection.Abstractions": "6.0.0",
          "Microsoft.Extensions.Logging.Abstractions": "6.0.4",
          "Microsoft.Extensions.Options": "6.0.1",
          "Microsoft.Extensions.Primitives": "6.0.1"
        }
      },
      "Microsoft.Extensions.Configuration.Abstractions": {
        "type": "Transitive",
        "resolved": "6.0.1",
        "contentHash": "+FhuIM7bE3CyzhhIju6K1pmcDAp4ez2PKwx8jnV4dEI/LXXBGdQbDijlaQWqMa1oC38DX390bSshQVaKXioiXA==",
        "dependencies": {
          "Microsoft.Extensions.Primitives": "6.0.1"
        }
      },
      "Microsoft.Extensions.DependencyInjection": {
        "type": "Transitive",
        "resolved": "6.0.2",
        "contentHash": "gWUfUZ2ZDvwiVCxsOMComAhG43xstNWWVjV2takUZYRuDSJjO9Q5/b3tfOSkl5mcVwZAL3RZviRj5ZilxHghlw==",
        "dependencies": {
          "Microsoft.Extensions.DependencyInjection.Abstractions": "6.0.0"
        }
      },
      "Microsoft.Extensions.DependencyInjection.Abstractions": {
        "type": "Transitive",
        "resolved": "6.0.0",
        "contentHash": "xlzi2IYREJH3/m6+lUrQlujzX8wDitm4QGnUu6kUXTQAWPuZY8i+ticFJbzfqaetLA6KR/rO6Ew/HuYD+bxifg=="
      },
      "Microsoft.Extensions.Logging": {
        "type": "Transitive",
        "resolved": "6.0.1",
        "contentHash": "k6tbYaHrqY9kq7p5FfpPbddY1OImPCpXQ/PGcED6N9s5ULRp8n1PdmMzsIwIzCnhIS5bs06G/lO9LfNVpUj8jg==",
        "dependencies": {
          "Microsoft.Extensions.DependencyInjection": "6.0.2",
          "Microsoft.Extensions.DependencyInjection.Abstractions": "6.0.0",
          "Microsoft.Extensions.Logging.Abstractions": "6.0.4",
          "Microsoft.Extensions.Options": "6.0.1",
          "System.Diagnostics.DiagnosticSource": "6.0.2"
        }
      },
      "Microsoft.Extensions.Logging.Abstractions": {
        "type": "Transitive",
        "resolved": "6.0.4",
        "contentHash": "K14wYgwOfKVELrUh5eBqlC8Wvo9vvhS3ZhIvcswV2uS/ubkTRPSQsN557EZiYUSSoZNxizG+alN4wjtdyLdcyw=="
      },
      "Microsoft.Extensions.Options": {
        "type": "Transitive",
        "resolved": "6.0.1",
        "contentHash": "v5rh5jRcLBOKOaLVyYCm4TY/RoJlxWsW7N2TAPkmlHe55/0cB0Syp979x4He1+MIXsaTvJl1WOc7b1D1PSsO3A==",
        "dependencies": {
          "Microsoft.Extensions.DependencyInjection.Abstractions": "6.0.0",
          "Microsoft.Extensions.Primitives": "6.0.1"
        }
      },
      "Microsoft.Extensions.Primitives": {
        "type": "Transitive",
        "resolved": "6.0.1",
        "contentHash": "zyJfttJduuQbGEsd/TgerUEdgzHgUn/6oFgeaE04DKUMs7bbzckV7Ci1QZxf/VyQAlG41gR/GjecEScuYoHCUg=="
      },
      "Microsoft.Identity.Client": {
        "type": "Transitive",
        "resolved": "4.21.1",
        "contentHash": "vycgk7S/HAbHaUaK4Tid1fsWHsXdFRRP2KavAIOHCVV27zvuQfYAjXmMvctuuF4egydSumG58CwPZob3gWeYgQ=="
      },
      "Microsoft.IdentityModel.Abstractions": {
        "type": "Transitive",
        "resolved": "6.36.0",
        "contentHash": "o9NqPQUfLjFCPNDCEEl2K8TskjC7fIWa8u8VRmx0PxzJCaUcQfdTyeutgP3+8AKkAy62IJWZH4bmFzr21gX4WQ=="
      },
      "Microsoft.IdentityModel.JsonWebTokens": {
        "type": "Transitive",
        "resolved": "6.36.0",
        "contentHash": "DxRgLbNHolfLyuaf/G9Hqju02QCUHWbi7nFQpg+3PnsUGw1vEgSVrpLIhpJpYO23UegFvgO+y5mhyLEKIB8rPw==",
        "dependencies": {
          "Microsoft.IdentityModel.Tokens": "6.36.0"
        }
      },
      "Microsoft.IdentityModel.Logging": {
        "type": "Transitive",
        "resolved": "6.36.0",
        "contentHash": "rp2UEzUKFi1GBWD0Mv0fHodvj6SL+rxh6iAmzpL1z9sRAuTLx9+8skMjdM+L8sJ3Hrrqki1kHWuYEe0HN/GrNg==",
        "dependencies": {
          "Microsoft.IdentityModel.Abstractions": "6.36.0"
        }
      },
      "Microsoft.IdentityModel.Protocols": {
        "type": "Transitive",
        "resolved": "6.36.0",
        "contentHash": "ODK3Nr7PbTItXFavZ+tfNnBcBxb85v7OpXZc1l4s3OrmVLJzV7SHdqaAMOds6+5OYqt8UdOketAcPegTKj54ug==",
        "dependencies": {
          "Microsoft.IdentityModel.Logging": "6.36.0",
          "Microsoft.IdentityModel.Tokens": "6.36.0"
        }
      },
      "Microsoft.IdentityModel.Protocols.OpenIdConnect": {
        "type": "Transitive",
        "resolved": "6.36.0",
        "contentHash": "nD1RNQjMYKgOL1Bp8pSWx7G6F6R/Rkq/fTw4epRjY8v2AYeXk0Fy6Gyt7k+JsPZ7ZJzkW9V9K+u3DPoz/oL5PQ==",
        "dependencies": {
          "Microsoft.IdentityModel.Protocols": "6.36.0",
          "System.IdentityModel.Tokens.Jwt": "6.36.0"
        }
      },
      "Microsoft.IdentityModel.Tokens": {
        "type": "Transitive",
        "resolved": "6.36.0",
        "contentHash": "WXFmWvHSVYrVv8HmewZvAA7toB8OJ3qu60hgkULI833tONuhLpUuI/MUhOShSqOPuNTdDmbJsiHxGcRPY1/Lyg==",
        "dependencies": {
          "Microsoft.CSharp": "4.5.0",
          "Microsoft.IdentityModel.Logging": "6.36.0",
          "System.Security.Cryptography.Cng": "4.5.0"
        }
      },
      "Microsoft.NETCore.Platforms": {
        "type": "Transitive",
        "resolved": "3.1.9",
        "contentHash": "e+/BrhryHoMojWlbcPJAFcShpk3JYvsMfrmoM26dnvHARWR6vtmGbfHppZcANVqf7DUBDIRxlZXcWg7v/9e1TQ=="
      },
      "Microsoft.Win32.Registry": {
        "type": "Transitive",
        "resolved": "4.7.0",
        "contentHash": "KSrRMb5vNi0CWSGG1++id2ZOs/1QhRqROt+qgbEAdQuGjGrFcl4AOl4/exGPUYz2wUnU42nvJqon1T3U0kPXLA==",
        "dependencies": {
          "System.Security.AccessControl": "4.7.0",
          "System.Security.Principal.Windows": "4.7.0"
        }
      },
      "Microsoft.Win32.SystemEvents": {
        "type": "Transitive",
        "resolved": "4.7.0",
        "contentHash": "mtVirZr++rq+XCDITMUdnETD59XoeMxSpLRIII7JRI6Yj0LEDiO1pPn0ktlnIj12Ix8bfvQqQDMMIF9wC98oCA==",
        "dependencies": {
          "Microsoft.NETCore.Platforms": "3.1.0"
        }
      },
      "System.Collections.Immutable": {
        "type": "Transitive",
        "resolved": "6.0.1",
        "contentHash": "Cc+SfP+jyCmA1TnRnDA7cRZy5jbLyWodfuUJKDJ+PJZBwWkv8szz+ztSCHAonqnL01DRaHaS2ptc4bYIEdgvWw=="
      },
      "System.Configuration.ConfigurationManager": {
        "type": "Transitive",
        "resolved": "4.7.0",
        "contentHash": "/anOTeSZCNNI2zDilogWrZ8pNqCmYbzGNexUnNhjW8k0sHqEZ2nHJBp147jBV3hGYswu5lINpNg1vxR7bnqvVA==",
        "dependencies": {
          "System.Security.Cryptography.ProtectedData": "4.7.0",
          "System.Security.Permissions": "4.7.0"
        }
      },
      "System.Diagnostics.DiagnosticSource": {
        "type": "Transitive",
        "resolved": "6.0.2",
        "contentHash": "6tQaIexFycaotdGn23lf3XJ/eI1GOjQKIvQDRFN9N4pwoNsKnHuXccQ3lnQO6GX8KAb1ic+6ZofJmPdbUVwZag=="
      },
      "System.Drawing.Common": {
        "type": "Transitive",
        "resolved": "4.7.3",
        "contentHash": "B3+wwhAeoUQ6KeshWSq3IRLQiMoqPEzSHzyVyxTI/EbYuqIp90lXrRISlip2AF+5tj74ycIVPpnRY4M424HahA==",
        "dependencies": {
          "Microsoft.NETCore.Platforms": "3.1.9",
          "Microsoft.Win32.SystemEvents": "4.7.0"
        }
      },
      "System.IdentityModel.Tokens.Jwt": {
        "type": "Transitive",
        "resolved": "6.36.0",
        "contentHash": "8RKI7qlT6yuEFBId/Ne2VDfa0bh5aUKJLHRV0YuSnYEtnMNJTrbUJyyXwtqEhV9Ykk2bV997QKBFi3Ni8P+wAw==",
        "dependencies": {
          "Microsoft.IdentityModel.JsonWebTokens": "6.36.0",
          "Microsoft.IdentityModel.Tokens": "6.36.0"
        }
      },
      "System.Runtime.Caching": {
        "type": "Transitive",
        "resolved": "4.7.0",
        "contentHash": "NdvNRjTPxYvIEhXQszT9L9vJhdQoX6AQ0AlhjTU+5NqFQVuacJTfhPVAvtGWNA2OJCqRiR/okBcZgMwI6MqcZg==",
        "dependencies": {
          "System.Configuration.ConfigurationManager": "4.7.0"
        }
      },
      "System.Security.AccessControl": {
        "type": "Transitive",
        "resolved": "4.7.0",
        "contentHash": "JECvTt5aFF3WT3gHpfofL2MNNP6v84sxtXxpqhLBCcDRzqsPBmHhQ6shv4DwwN2tRlzsUxtb3G9M3763rbXKDg==",
        "dependencies": {
          "Microsoft.NETCore.Platforms": "3.1.0",
          "System.Security.Principal.Windows": "4.7.0"
        }
      },
      "System.Security.Cryptography.Cng": {
        "type": "Transitive",
        "resolved": "4.5.0",
        "contentHash": "WG3r7EyjUe9CMPFSs6bty5doUqT+q9pbI80hlNzo2SkPkZ4VTuZkGWjpp77JB8+uaL4DFPRdBsAY+DX3dBK92A=="
      },
      "System.Security.Cryptography.ProtectedData": {
        "type": "Transitive",
        "resolved": "4.7.0",
        "contentHash": "ehYW0m9ptxpGWvE4zgqongBVWpSDU/JCFD4K7krxkQwSz/sFQjEXCUqpvencjy6DYDbn7Ig09R8GFffu8TtneQ=="
      },
      "System.Security.Permissions": {
        "type": "Transitive",
        "resolved": "4.7.0",
        "contentHash": "dkOV6YYVBnYRa15/yv004eCGRBVADXw8qRbbNiCn/XpdJSUXkkUeIvdvFHkvnko4CdKMqG8yRHC4ox83LSlMsQ==",
        "dependencies": {
          "System.Security.AccessControl": "4.7.0",
          "System.Windows.Extensions": "4.7.0"
        }
      },
      "System.Security.Principal.Windows": {
        "type": "Transitive",
        "resolved": "4.7.0",
        "contentHash": "ojD0PX0XhneCsUbAZVKdb7h/70vyYMDYs85lwEI+LngEONe/17A0cFaRFqZU+sOEidcVswYWikYOQ9PPfjlbtQ=="
      },
      "System.Text.Encoding.CodePages": {
        "type": "Transitive",
        "resolved": "4.7.0",
        "contentHash": "aeu4FlaUTemuT1qOd1MyU4T516QR4Fy+9yDbwWMPHOHy7U8FD6SgTzdZFO7gHcfAPHtECqInbwklVvUK4RHcNg==",
        "dependencies": {
          "Microsoft.NETCore.Platforms": "3.1.0"
        }
      },
      "System.Windows.Extensions": {
        "type": "Transitive",
        "resolved": "4.7.0",
        "contentHash": "CeWTdRNfRaSh0pm2gDTJFwVaXfTq6Xwv/sA887iwPTneW7oMtMlpvDIO+U60+3GWTB7Aom6oQwv5VZVUhQRdPQ==",
        "dependencies": {
          "System.Drawing.Common": "4.7.0"
        }
      }
    }
  }
}