
Microsoft Visual Studio Solution File, Format Version 12.00
# Visual Studio Version 17
VisualStudioVersion = 17.2.32630.192
MinimumVisualStudioVersion = 10.0.40219.1
Project("{9A19103F-16F7-4668-BE54-9A1E7A4F7556}") = "04. Print and sum", "04. Print and sum\04. Print and sum.csproj", "{21EBDBC9-A590-4946-9B8F-03DC2C4F88A0}"
EndProject
Project("{9A19103F-16F7-4668-BE54-9A1E7A4F7556}") = "05. Login", "05. Login\05. Login.csproj", "{E91E896B-8E74-487D-A609-3094A3B1651E}"
EndProject
Project("{9A19103F-16F7-4668-BE54-9A1E7A4F7556}") = "06. Strong number", "06. Strong number\06. Strong number.csproj", "{D50FD248-225F-40F1-A705-900427FFBE50}"
EndProject
Project("{9A19103F-16F7-4668-BE54-9A1E7A4F7556}") = "07. Vending Machine", "07. Vending Machine\07. Vending Machine.csproj", "{3FD5EBE1-BE60-42A2-A140-3E7551053FDF}"
EndProject
Project("{9A19103F-16F7-4668-BE54-9A1E7A4F7556}") = "08. Triangle of Numbers", "08. Triangle of Numbers\08. Triangle of Numbers.csproj", "{C808138A-307E-4EFF-A7DE-3AC21A81DC97}"
EndProject
Project("{9A19103F-16F7-4668-BE54-9A1E7A4F7556}") = "09. Padawan Equipment", "09. Padawan Equipment\09. Padawan Equipment.csproj", "{D12044BC-C626-4EA5-8548-B4119A214F1D}"
EndProject
Project("{9A19103F-16F7-4668-BE54-9A1E7A4F7556}") = "10. Rage Expenses", "10. Rage Expenses\10. Rage Expenses.csproj", "{77B8792D-6DDB-41D2-A371-F0E1AD53332E}"
EndProject
Project("{9A19103F-16F7-4668-BE54-9A1E7A4F7556}") = "11. Orders", "11. Orders\11. Orders.csproj", "{3538B6C4-D58E-4A00-8E71-1DD2F5EEB6DE}"
EndProject
Project("{9A19103F-16F7-4668-BE54-9A1E7A4F7556}") = "02. Division", "02. Division\02. Division.csproj", "{3BC18BC3-7387-4CE9-B6BB-0630F1128324}"
EndProject
Project("{FAE04EC0-301F-11D3-BF4B-00C04F79EFBC}") = "01.Integer Operation", "01.Integer Operation\01.Integer Operation.csproj", "{FFF4443D-8861-4630-82E7-C66EAC0EB4F2}"
EndProject
Global
	GlobalSection(SolutionConfigurationPlatforms) = preSolution
		Debug|Any CPU = Debug|Any CPU
		Release|Any CPU = Release|Any CPU
	EndGlobalSection
	GlobalSection(ProjectConfigurationPlatforms) = postSolution
		{21EBDBC9-A590-4946-9B8F-03DC2C4F88A0}.Debug|Any CPU.ActiveCfg = Debug|Any CPU
		{21EBDBC9-A590-4946-9B8F-03DC2C4F88A0}.Debug|Any CPU.Build.0 = Debug|Any CPU
		{21EBDBC9-A590-4946-9B8F-03DC2C4F88A0}.Release|Any CPU.ActiveCfg = Release|Any CPU
		{21EBDBC9-A590-4946-9B8F-03DC2C4F88A0}.Release|Any CPU.Build.0 = Release|Any CPU
		{E91E896B-8E74-487D-A609-3094A3B1651E}.Debug|Any CPU.ActiveCfg = Debug|Any CPU
		{E91E896B-8E74-487D-A609-3094A3B1651E}.Debug|Any CPU.Build.0 = Debug|Any CPU
		{E91E896B-8E74-487D-A609-3094A3B1651E}.Release|Any CPU.ActiveCfg = Release|Any CPU
		{E91E896B-8E74-487D-A609-3094A3B1651E}.Release|Any CPU.Build.0 = Release|Any CPU
		{D50FD248-225F-40F1-A705-900427FFBE50}.Debug|Any CPU.ActiveCfg = Debug|Any CPU
		{D50FD248-225F-40F1-A705-900427FFBE50}.Debug|Any CPU.Build.0 = Debug|Any CPU
		{D50FD248-225F-40F1-A705-900427FFBE50}.Release|Any CPU.ActiveCfg = Release|Any CPU
		{D50FD248-225F-40F1-A705-900427FFBE50}.Release|Any CPU.Build.0 = Release|Any CPU
		{3FD5EBE1-BE60-42A2-A140-3E7551053FDF}.Debug|Any CPU.ActiveCfg = Debug|Any CPU
		{3FD5EBE1-BE60-42A2-A140-3E7551053FDF}.Debug|Any CPU.Build.0 = Debug|Any CPU
		{3FD5EBE1-BE60-42A2-A140-3E7551053FDF}.Release|Any CPU.ActiveCfg = Release|Any CPU
		{3FD5EBE1-BE60-42A2-A140-3E7551053FDF}.Release|Any CPU.Build.0 = Release|Any CPU
		{C808138A-307E-4EFF-A7DE-3AC21A81DC97}.Debug|Any CPU.ActiveCfg = Debug|Any CPU
		{C808138A-307E-4EFF-A7DE-3AC21A81DC97}.Debug|Any CPU.Build.0 = Debug|Any CPU
		{C808138A-307E-4EFF-A7DE-3AC21A81DC97}.Release|Any CPU.ActiveCfg = Release|Any CPU
		{C808138A-307E-4EFF-A7DE-3AC21A81DC97}.Release|Any CPU.Build.0 = Release|Any CPU
		{D12044BC-C626-4EA5-8548-B4119A214F1D}.Debug|Any CPU.ActiveCfg = Debug|Any CPU
		{D12044BC-C626-4EA5-8548-B4119A214F1D}.Debug|Any CPU.Build.0 = Debug|Any CPU
		{D12044BC-C626-4EA5-8548-B4119A214F1D}.Release|Any CPU.ActiveCfg = Release|Any CPU
		{D12044BC-C626-4EA5-8548-B4119A214F1D}.Release|Any CPU.Build.0 = Release|Any CPU
		{77B8792D-6DDB-41D2-A371-F0E1AD53332E}.Debug|Any CPU.ActiveCfg = Debug|Any CPU
		{77B8792D-6DDB-41D2-A371-F0E1AD53332E}.Debug|Any CPU.Build.0 = Debug|Any CPU
		{77B8792D-6DDB-41D2-A371-F0E1AD53332E}.Release|Any CPU.ActiveCfg = Release|Any CPU
		{77B8792D-6DDB-41D2-A371-F0E1AD53332E}.Release|Any CPU.Build.0 = Release|Any CPU
		{3538B6C4-D58E-4A00-8E71-1DD2F5EEB6DE}.Debug|Any CPU.ActiveCfg = Debug|Any CPU
		{3538B6C4-D58E-4A00-8E71-1DD2F5EEB6DE}.Debug|Any CPU.Build.0 = Debug|Any CPU
		{3538B6C4-D58E-4A00-8E71-1DD2F5EEB6DE}.Release|Any CPU.ActiveCfg = Release|Any CPU
		{3538B6C4-D58E-4A00-8E71-1DD2F5EEB6DE}.Release|Any CPU.Build.0 = Release|Any CPU
		{3BC18BC3-7387-4CE9-B6BB-0630F1128324}.Debug|Any CPU.ActiveCfg = Debug|Any CPU
		{3BC18BC3-7387-4CE9-B6BB-0630F1128324}.Debug|Any CPU.Build.0 = Debug|Any CPU
		{3BC18BC3-7387-4CE9-B6BB-0630F1128324}.Release|Any CPU.ActiveCfg = Release|Any CPU
		{3BC18BC3-7387-4CE9-B6BB-0630F1128324}.Release|Any CPU.Build.0 = Release|Any CPU
		{FFF4443D-8861-4630-82E7-C66EAC0EB4F2}.Debug|Any CPU.ActiveCfg = Debug|Any CPU
		{FFF4443D-8861-4630-82E7-C66EAC0EB4F2}.Debug|Any CPU.Build.0 = Debug|Any CPU
		{FFF4443D-8861-4630-82E7-C66EAC0EB4F2}.Release|Any CPU.ActiveCfg = Release|Any CPU
		{FFF4443D-8861-4630-82E7-C66EAC0EB4F2}.Release|Any CPU.Build.0 = Release|Any CPU
	EndGlobalSection
	GlobalSection(SolutionProperties) = preSolution
		HideSolutionNode = FALSE
	EndGlobalSection
	GlobalSection(ExtensibilityGlobals) = postSolution
		SolutionGuid = {27270F5C-F677-455A-98C9-00B2D197E97D}
	EndGlobalSection
EndGlobal
