
Microsoft Visual Studio Solution File, Format Version 12.00
# Visual Studio Version 17
VisualStudioVersion = 17.2.32630.192
MinimumVisualStudioVersion = 10.0.40219.1
Project("{9A19103F-16F7-4668-BE54-9A1E7A4F7556}") = "04. Movie Stars", "04. Movie Stars\04. Movie Stars.csproj", "{1340874B-AC64-49B0-8B8C-19A7024B6C9E}"
EndProject
Project("{9A19103F-16F7-4668-BE54-9A1E7A4F7556}") = "06. Favorite Movie", "06. Favorite Movie\06. Favorite Movie.csproj", "{8119FF11-AE86-4235-B850-C8EE50DDC03F}"
EndProject
Project("{FAE04EC0-301F-11D3-BF4B-00C04F79EFBC}") = "06. Movie Tickets", "06. Movie Tickets\06. Movie Tickets.csproj", "{90111E72-3DC8-457B-8CB0-10142C67D022}"
EndProject
Global
	GlobalSection(SolutionConfigurationPlatforms) = preSolution
		Debug|Any CPU = Debug|Any CPU
		Release|Any CPU = Release|Any CPU
	EndGlobalSection
	GlobalSection(ProjectConfigurationPlatforms) = postSolution
		{1340874B-AC64-49B0-8B8C-19A7024B6C9E}.Debug|Any CPU.ActiveCfg = Debug|Any CPU
		{1340874B-AC64-49B0-8B8C-19A7024B6C9E}.Debug|Any CPU.Build.0 = Debug|Any CPU
		{1340874B-AC64-49B0-8B8C-19A7024B6C9E}.Release|Any CPU.ActiveCfg = Release|Any CPU
		{1340874B-AC64-49B0-8B8C-19A7024B6C9E}.Release|Any CPU.Build.0 = Release|Any CPU
		{8119FF11-AE86-4235-B850-C8EE50DDC03F}.Debug|Any CPU.ActiveCfg = Debug|Any CPU
		{8119FF11-AE86-4235-B850-C8EE50DDC03F}.Debug|Any CPU.Build.0 = Debug|Any CPU
		{8119FF11-AE86-4235-B850-C8EE50DDC03F}.Release|Any CPU.ActiveCfg = Release|Any CPU
		{8119FF11-AE86-4235-B850-C8EE50DDC03F}.Release|Any CPU.Build.0 = Release|Any CPU
		{90111E72-3DC8-457B-8CB0-10142C67D022}.Debug|Any CPU.ActiveCfg = Debug|Any CPU
		{90111E72-3DC8-457B-8CB0-10142C67D022}.Debug|Any CPU.Build.0 = Debug|Any CPU
		{90111E72-3DC8-457B-8CB0-10142C67D022}.Release|Any CPU.ActiveCfg = Release|Any CPU
		{90111E72-3DC8-457B-8CB0-10142C67D022}.Release|Any CPU.Build.0 = Release|Any CPU
	EndGlobalSection
	GlobalSection(SolutionProperties) = preSolution
		HideSolutionNode = FALSE
	EndGlobalSection
	GlobalSection(ExtensibilityGlobals) = postSolution
		SolutionGuid = {7B2BAD49-236F-41F6-8186-0E94E8C29627}
	EndGlobalSection
EndGlobal
