
Microsoft Visual Studio Solution File, Format Version 12.00
# Visual Studio Version 17
VisualStudioVersion = 17.2.32630.192
MinimumVisualStudioVersion = 10.0.40219.1
Project("{FAE04EC0-301F-11D3-BF4B-00C04F79EFBC}") = "04. Tourist Shop", "04. Tourist Shop\04. Tourist Shop.csproj", "{1F86B925-87F9-4D13-B84E-E2A1DEE46A69}"
EndProject
Project("{FAE04EC0-301F-11D3-BF4B-00C04F79EFBC}") = "05. Division Without Remainder", "05. Division Without Remainder\05. Division Without Remainder.csproj", "{52108E30-6C6D-42C8-AED3-D2D38584E16E}"
EndProject
Project("{FAE04EC0-301F-11D3-BF4B-00C04F79EFBC}") = "06. Vet Parking", "06. Vet Parking\06. Vet Parking.csproj", "{26CF2EF4-32DD-4761-95D5-BA68DF57C2EE}"
EndProject
Global
	GlobalSection(SolutionConfigurationPlatforms) = preSolution
		Debug|Any CPU = Debug|Any CPU
		Release|Any CPU = Release|Any CPU
	EndGlobalSection
	GlobalSection(ProjectConfigurationPlatforms) = postSolution
		{1F86B925-87F9-4D13-B84E-E2A1DEE46A69}.Debug|Any CPU.ActiveCfg = Debug|Any CPU
		{1F86B925-87F9-4D13-B84E-E2A1DEE46A69}.Debug|Any CPU.Build.0 = Debug|Any CPU
		{1F86B925-87F9-4D13-B84E-E2A1DEE46A69}.Release|Any CPU.ActiveCfg = Release|Any CPU
		{1F86B925-87F9-4D13-B84E-E2A1DEE46A69}.Release|Any CPU.Build.0 = Release|Any CPU
		{52108E30-6C6D-42C8-AED3-D2D38584E16E}.Debug|Any CPU.ActiveCfg = Debug|Any CPU
		{52108E30-6C6D-42C8-AED3-D2D38584E16E}.Debug|Any CPU.Build.0 = Debug|Any CPU
		{52108E30-6C6D-42C8-AED3-D2D38584E16E}.Release|Any CPU.ActiveCfg = Release|Any CPU
		{52108E30-6C6D-42C8-AED3-D2D38584E16E}.Release|Any CPU.Build.0 = Release|Any CPU
		{26CF2EF4-32DD-4761-95D5-BA68DF57C2EE}.Debug|Any CPU.ActiveCfg = Debug|Any CPU
		{26CF2EF4-32DD-4761-95D5-BA68DF57C2EE}.Debug|Any CPU.Build.0 = Debug|Any CPU
		{26CF2EF4-32DD-4761-95D5-BA68DF57C2EE}.Release|Any CPU.ActiveCfg = Release|Any CPU
		{26CF2EF4-32DD-4761-95D5-BA68DF57C2EE}.Release|Any CPU.Build.0 = Release|Any CPU
	EndGlobalSection
	GlobalSection(SolutionProperties) = preSolution
		HideSolutionNode = FALSE
	EndGlobalSection
	GlobalSection(ExtensibilityGlobals) = postSolution
		SolutionGuid = {D5B2044A-E340-4182-A0DB-E2438275477D}
	EndGlobalSection
EndGlobal
