
Microsoft Visual Studio Solution File, Format Version 12.00
# Visual Studio Version 17
VisualStudioVersion = 17.5.33414.496
MinimumVisualStudioVersion = 10.0.40219.1
Project("{FAE04EC0-301F-11D3-BF4B-00C04F79EFBC}") = "01. Reverse Strings", "01. Reverse Strings\01. Reverse Strings.csproj", "{4DF7FEC4-47DC-4252-A0D6-9CA607E2BEA8}"
EndProject
Project("{FAE04EC0-301F-11D3-BF4B-00C04F79EFBC}") = "02. Repeat Strings", "02. Repeat Strings\02. Repeat Strings.csproj", "{D34F92BD-4572-468A-8D80-1C2F4AA9D9C9}"
EndProject
Project("{FAE04EC0-301F-11D3-BF4B-00C04F79EFBC}") = "03. Substring", "03. Substring\03. Substring.csproj", "{EB22F8E4-B03F-4873-8D10-AB1D601032EC}"
EndProject
Project("{FAE04EC0-301F-11D3-BF4B-00C04F79EFBC}") = "04. Text Filter", "04. Text Filter\04. Text Filter.csproj", "{01F5576F-1D76-46DA-A8BA-5EDCDCBDA882}"
EndProject
Project("{FAE04EC0-301F-11D3-BF4B-00C04F79EFBC}") = "05. Digits, Letters and Other", "05. Digits, Letters and Other\05. Digits, Letters and Other.csproj", "{29186DC8-9884-42BD-9676-86C85842223B}"
EndProject
Global
	GlobalSection(SolutionConfigurationPlatforms) = preSolution
		Debug|Any CPU = Debug|Any CPU
		Release|Any CPU = Release|Any CPU
	EndGlobalSection
	GlobalSection(ProjectConfigurationPlatforms) = postSolution
		{4DF7FEC4-47DC-4252-A0D6-9CA607E2BEA8}.Debug|Any CPU.ActiveCfg = Debug|Any CPU
		{4DF7FEC4-47DC-4252-A0D6-9CA607E2BEA8}.Debug|Any CPU.Build.0 = Debug|Any CPU
		{4DF7FEC4-47DC-4252-A0D6-9CA607E2BEA8}.Release|Any CPU.ActiveCfg = Release|Any CPU
		{4DF7FEC4-47DC-4252-A0D6-9CA607E2BEA8}.Release|Any CPU.Build.0 = Release|Any CPU
		{D34F92BD-4572-468A-8D80-1C2F4AA9D9C9}.Debug|Any CPU.ActiveCfg = Debug|Any CPU
		{D34F92BD-4572-468A-8D80-1C2F4AA9D9C9}.Debug|Any CPU.Build.0 = Debug|Any CPU
		{D34F92BD-4572-468A-8D80-1C2F4AA9D9C9}.Release|Any CPU.ActiveCfg = Release|Any CPU
		{D34F92BD-4572-468A-8D80-1C2F4AA9D9C9}.Release|Any CPU.Build.0 = Release|Any CPU
		{EB22F8E4-B03F-4873-8D10-AB1D601032EC}.Debug|Any CPU.ActiveCfg = Debug|Any CPU
		{EB22F8E4-B03F-4873-8D10-AB1D601032EC}.Debug|Any CPU.Build.0 = Debug|Any CPU
		{EB22F8E4-B03F-4873-8D10-AB1D601032EC}.Release|Any CPU.ActiveCfg = Release|Any CPU
		{EB22F8E4-B03F-4873-8D10-AB1D601032EC}.Release|Any CPU.Build.0 = Release|Any CPU
		{01F5576F-1D76-46DA-A8BA-5EDCDCBDA882}.Debug|Any CPU.ActiveCfg = Debug|Any CPU
		{01F5576F-1D76-46DA-A8BA-5EDCDCBDA882}.Debug|Any CPU.Build.0 = Debug|Any CPU
		{01F5576F-1D76-46DA-A8BA-5EDCDCBDA882}.Release|Any CPU.ActiveCfg = Release|Any CPU
		{01F5576F-1D76-46DA-A8BA-5EDCDCBDA882}.Release|Any CPU.Build.0 = Release|Any CPU
		{29186DC8-9884-42BD-9676-86C85842223B}.Debug|Any CPU.ActiveCfg = Debug|Any CPU
		{29186DC8-9884-42BD-9676-86C85842223B}.Debug|Any CPU.Build.0 = Debug|Any CPU
		{29186DC8-9884-42BD-9676-86C85842223B}.Release|Any CPU.ActiveCfg = Release|Any CPU
		{29186DC8-9884-42BD-9676-86C85842223B}.Release|Any CPU.Build.0 = Release|Any CPU
	EndGlobalSection
	GlobalSection(SolutionProperties) = preSolution
		HideSolutionNode = FALSE
	EndGlobalSection
	GlobalSection(ExtensibilityGlobals) = postSolution
		SolutionGuid = {16E7F13D-9AAB-4929-9D9B-CD8173253FEE}
	EndGlobalSection
EndGlobal
